# THIS IS AN AUTOGENERATED FILE. DO NOT EDIT THIS FILE DIRECTLY.
# yarn lockfile v1


"@faker-js/faker@^9.9.0":
  version "9.9.0"
  resolved "https://artifactory.yc.prod.infra.sravni.market/artifactory/api/npm/sravni_npm_group/@faker-js/faker/-/faker-9.9.0.tgz#3ad015fbbaaae7af3149555e0f22b4b30134c69d"
  integrity sha512-OEl393iCOoo/z8bMezRlJu+GlRGlsKbUAN7jKB6LhnKoqKve5DXRpalbItIIcwnCjs1k/FOPjFzcA6Qn+H+YbA==
